// !$*UTF8*$!
{
	archiveVersion = 1;
	classes = {
	};
	objectVersion = 55;
	objects = {

/* Begin PBXBuildFile section */
		C402415C28C7232B00B205B8 /* CurrentUserData.swift in Sources */ = {isa = PBXBuildFile; fileRef = C402415B28C7232B00B205B8 /* CurrentUserData.swift */; };
		C402415E28C879CE00B205B8 /* ViewRouter.swift in Sources */ = {isa = PBXBuildFile; fileRef = C402415D28C879CE00B205B8 /* ViewRouter.swift */; };
		C402416028C879F600B205B8 /* MotherView.swift in Sources */ = {isa = PBXBuildFile; fileRef = C402415F28C879F600B205B8 /* MotherView.swift */; };
		C402416228C8944700B205B8 /* LandingNavigation.swift in Sources */ = {isa = PBXBuildFile; fileRef = C402416128C8944700B205B8 /* LandingNavigation.swift */; };
		C43EA57628CEC11B0025945C /* AddShop.swift in Sources */ = {isa = PBXBuildFile; fileRef = C43EA57528CEC11B0025945C /* AddShop.swift */; };
		C43EA57828CEC1280025945C /* AddCategory.swift in Sources */ = {isa = PBXBuildFile; fileRef = C43EA57728CEC1280025945C /* AddCategory.swift */; };
		C43EA57A28CEC13F0025945C /* EditShop.swift in Sources */ = {isa = PBXBuildFile; fileRef = C43EA57928CEC13F0025945C /* EditShop.swift */; };
		C43EA57C28CEC1480025945C /* EditCategory.swift in Sources */ = {isa = PBXBuildFile; fileRef = C43EA57B28CEC1480025945C /* EditCategory.swift */; };
		C463AEA628C0A188008A9348 /* OpenSans-Light.ttf in Resources */ = {isa = PBXBuildFile; fileRef = C463AEA528C0A188008A9348 /* OpenSans-Light.ttf */; };
		C463AEA828C0A191008A9348 /* OpenSans-Regular.ttf in Resources */ = {isa = PBXBuildFile; fileRef = C463AEA728C0A191008A9348 /* OpenSans-Regular.ttf */; };
		C463AEAA28C0A1DC008A9348 /* Montserrat-Regular.ttf in Resources */ = {isa = PBXBuildFile; fileRef = C463AEA928C0A1DC008A9348 /* Montserrat-Regular.ttf */; };
		C463AEAC28C0A1E6008A9348 /* Montserrat-Bold.ttf in Resources */ = {isa = PBXBuildFile; fileRef = C463AEAB28C0A1E6008A9348 /* Montserrat-Bold.ttf */; };
		C463AEAE28C0A1FE008A9348 /* Montserrat-SemiBold.ttf in Resources */ = {isa = PBXBuildFile; fileRef = C463AEAD28C0A1FE008A9348 /* Montserrat-SemiBold.ttf */; };
		C469F21828C659FC003F401A /* Modifier.swift in Sources */ = {isa = PBXBuildFile; fileRef = C469F21628C659FC003F401A /* Modifier.swift */; };
		C469F21D28C65A14003F401A /* UserDefault.swift in Sources */ = {isa = PBXBuildFile; fileRef = C469F21A28C65A14003F401A /* UserDefault.swift */; };
		C469F21E28C65A14003F401A /* User.swift in Sources */ = {isa = PBXBuildFile; fileRef = C469F21B28C65A14003F401A /* User.swift */; };
		C469F21F28C65A14003F401A /* Shop.swift in Sources */ = {isa = PBXBuildFile; fileRef = C469F21C28C65A14003F401A /* Shop.swift */; };
		C469F22728C65A22003F401A /* CategoryData.swift in Sources */ = {isa = PBXBuildFile; fileRef = C469F22128C65A22003F401A /* CategoryData.swift */; };
		C469F22828C65A22003F401A /* DealCalcSorted.swift in Sources */ = {isa = PBXBuildFile; fileRef = C469F22228C65A22003F401A /* DealCalcSorted.swift */; };
		C469F22928C65A22003F401A /* ShopData.swift in Sources */ = {isa = PBXBuildFile; fileRef = C469F22328C65A22003F401A /* ShopData.swift */; };
		C469F22A28C65A22003F401A /* ProductData.swift in Sources */ = {isa = PBXBuildFile; fileRef = C469F22428C65A22003F401A /* ProductData.swift */; };
		C469F22B28C65A22003F401A /* UserData.swift in Sources */ = {isa = PBXBuildFile; fileRef = C469F22528C65A22003F401A /* UserData.swift */; };
		C469F22C28C65A22003F401A /* ProdRelatedInfo.swift in Sources */ = {isa = PBXBuildFile; fileRef = C469F22628C65A22003F401A /* ProdRelatedInfo.swift */; };
		C469F23728C65A2F003F401A /* EmailVerifyView.swift in Sources */ = {isa = PBXBuildFile; fileRef = C469F22E28C65A2F003F401A /* EmailVerifyView.swift */; };
		C469F23828C65A2F003F401A /* ButtonAnimation.swift in Sources */ = {isa = PBXBuildFile; fileRef = C469F22F28C65A2F003F401A /* ButtonAnimation.swift */; };
		C469F23A28C65A2F003F401A /* TestView.swift in Sources */ = {isa = PBXBuildFile; fileRef = C469F23128C65A2F003F401A /* TestView.swift */; };
		C469F23B28C65A2F003F401A /* WelcomeView.swift in Sources */ = {isa = PBXBuildFile; fileRef = C469F23228C65A2F003F401A /* WelcomeView.swift */; };
		C469F23C28C65A2F003F401A /* RegisterView.swift in Sources */ = {isa = PBXBuildFile; fileRef = C469F23328C65A2F003F401A /* RegisterView.swift */; };
		C469F23E28C65A2F003F401A /* CheckEmailExist.swift in Sources */ = {isa = PBXBuildFile; fileRef = C469F23528C65A2F003F401A /* CheckEmailExist.swift */; };
		C469F23F28C65A2F003F401A /* WelcomeBackView.swift in Sources */ = {isa = PBXBuildFile; fileRef = C469F23628C65A2F003F401A /* WelcomeBackView.swift */; };
		C469F24328C65ABA003F401A /* GoogleService-Info.plist in Resources */ = {isa = PBXBuildFile; fileRef = C469F24228C65ABA003F401A /* GoogleService-Info.plist */; };
		C469F24628C65B5C003F401A /* FirebaseAuth in Frameworks */ = {isa = PBXBuildFile; productRef = C469F24528C65B5C003F401A /* FirebaseAuth */; };
		C469F24828C65B5C003F401A /* FirebaseFirestore in Frameworks */ = {isa = PBXBuildFile; productRef = C469F24728C65B5C003F401A /* FirebaseFirestore */; };
		C46CE78828CB8E1E0047DE96 /* Category.swift in Sources */ = {isa = PBXBuildFile; fileRef = C46CE78728CB8E1E0047DE96 /* Category.swift */; };
		C498AFB928C8FB9600DB5CA3 /* Product.swift in Sources */ = {isa = PBXBuildFile; fileRef = C498AFB828C8FB9600DB5CA3 /* Product.swift */; };
		C4CB7CC628B8A7CF00B017EB /* DealSearchApp.swift in Sources */ = {isa = PBXBuildFile; fileRef = C4CB7CC528B8A7CF00B017EB /* DealSearchApp.swift */; };
		C4CB7CCA28B8A7D100B017EB /* Assets.xcassets in Resources */ = {isa = PBXBuildFile; fileRef = C4CB7CC928B8A7D100B017EB /* Assets.xcassets */; };
		C4CB7CCD28B8A7D100B017EB /* Preview Assets.xcassets in Resources */ = {isa = PBXBuildFile; fileRef = C4CB7CCC28B8A7D100B017EB /* Preview Assets.xcassets */; };
		C4DF286728CE58A000FB9B1E /* AddProduct.swift in Sources */ = {isa = PBXBuildFile; fileRef = C4DF286628CE58A000FB9B1E /* AddProduct.swift */; };
		C4DF286928CE5F8100FB9B1E /* TrendingProductData.swift in Sources */ = {isa = PBXBuildFile; fileRef = C4DF286828CE5F8100FB9B1E /* TrendingProductData.swift */; };
		C4DF286B28CE605A00FB9B1E /* EditDeleteProduct.swift in Sources */ = {isa = PBXBuildFile; fileRef = C4DF286A28CE605A00FB9B1E /* EditDeleteProduct.swift */; };
		C4DF286D28CE765D00FB9B1E /* EditTrendingProduct.swift in Sources */ = {isa = PBXBuildFile; fileRef = C4DF286C28CE765D00FB9B1E /* EditTrendingProduct.swift */; };
		C4DF286F28CE898A00FB9B1E /* AddToTrendingList.swift in Sources */ = {isa = PBXBuildFile; fileRef = C4DF286E28CE898A00FB9B1E /* AddToTrendingList.swift */; };
/* End PBXBuildFile section */

/* Begin PBXFileReference section */
		C402415B28C7232B00B205B8 /* CurrentUserData.swift */ = {isa = PBXFileReference; lastKnownFileType = sourcecode.swift; path = CurrentUserData.swift; sourceTree = "<group>"; };
		C402415D28C879CE00B205B8 /* ViewRouter.swift */ = {isa = PBXFileReference; lastKnownFileType = sourcecode.swift; path = ViewRouter.swift; sourceTree = "<group>"; };
		C402415F28C879F600B205B8 /* MotherView.swift */ = {isa = PBXFileReference; lastKnownFileType = sourcecode.swift; path = MotherView.swift; sourceTree = "<group>"; };
		C402416128C8944700B205B8 /* LandingNavigation.swift */ = {isa = PBXFileReference; lastKnownFileType = sourcecode.swift; path = LandingNavigation.swift; sourceTree = "<group>"; };
		C43EA57528CEC11B0025945C /* AddShop.swift */ = {isa = PBXFileReference; lastKnownFileType = sourcecode.swift; path = AddShop.swift; sourceTree = "<group>"; };
		C43EA57728CEC1280025945C /* AddCategory.swift */ = {isa = PBXFileReference; lastKnownFileType = sourcecode.swift; path = AddCategory.swift; sourceTree = "<group>"; };
		C43EA57928CEC13F0025945C /* EditShop.swift */ = {isa = PBXFileReference; lastKnownFileType = sourcecode.swift; path = EditShop.swift; sourceTree = "<group>"; };
		C43EA57B28CEC1480025945C /* EditCategory.swift */ = {isa = PBXFileReference; lastKnownFileType = sourcecode.swift; path = EditCategory.swift; sourceTree = "<group>"; };
		C463AEA528C0A188008A9348 /* OpenSans-Light.ttf */ = {isa = PBXFileReference; lastKnownFileType = file; path = "OpenSans-Light.ttf"; sourceTree = "<group>"; };
		C463AEA728C0A191008A9348 /* OpenSans-Regular.ttf */ = {isa = PBXFileReference; lastKnownFileType = file; path = "OpenSans-Regular.ttf"; sourceTree = "<group>"; };
		C463AEA928C0A1DC008A9348 /* Montserrat-Regular.ttf */ = {isa = PBXFileReference; lastKnownFileType = file; path = "Montserrat-Regular.ttf"; sourceTree = "<group>"; };
		C463AEAB28C0A1E6008A9348 /* Montserrat-Bold.ttf */ = {isa = PBXFileReference; lastKnownFileType = file; path = "Montserrat-Bold.ttf"; sourceTree = "<group>"; };
		C463AEAD28C0A1FE008A9348 /* Montserrat-SemiBold.ttf */ = {isa = PBXFileReference; lastKnownFileType = file; path = "Montserrat-SemiBold.ttf"; sourceTree = "<group>"; };
		C463AEAF28C0A234008A9348 /* Info.plist */ = {isa = PBXFileReference; lastKnownFileType = text.plist; path = Info.plist; sourceTree = "<group>"; };
		C469F21628C659FC003F401A /* Modifier.swift */ = {isa = PBXFileReference; fileEncoding = 4; lastKnownFileType = sourcecode.swift; path = Modifier.swift; sourceTree = "<group>"; };
		C469F21A28C65A14003F401A /* UserDefault.swift */ = {isa = PBXFileReference; fileEncoding = 4; lastKnownFileType = sourcecode.swift; path = UserDefault.swift; sourceTree = "<group>"; };
		C469F21B28C65A14003F401A /* User.swift */ = {isa = PBXFileReference; fileEncoding = 4; lastKnownFileType = sourcecode.swift; path = User.swift; sourceTree = "<group>"; };
		C469F21C28C65A14003F401A /* Shop.swift */ = {isa = PBXFileReference; fileEncoding = 4; lastKnownFileType = sourcecode.swift; path = Shop.swift; sourceTree = "<group>"; };
		C469F22128C65A22003F401A /* CategoryData.swift */ = {isa = PBXFileReference; fileEncoding = 4; lastKnownFileType = sourcecode.swift; path = CategoryData.swift; sourceTree = "<group>"; };
		C469F22228C65A22003F401A /* DealCalcSorted.swift */ = {isa = PBXFileReference; fileEncoding = 4; lastKnownFileType = sourcecode.swift; path = DealCalcSorted.swift; sourceTree = "<group>"; };
		C469F22328C65A22003F401A /* ShopData.swift */ = {isa = PBXFileReference; fileEncoding = 4; lastKnownFileType = sourcecode.swift; path = ShopData.swift; sourceTree = "<group>"; };
		C469F22428C65A22003F401A /* ProductData.swift */ = {isa = PBXFileReference; fileEncoding = 4; lastKnownFileType = sourcecode.swift; path = ProductData.swift; sourceTree = "<group>"; };
		C469F22528C65A22003F401A /* UserData.swift */ = {isa = PBXFileReference; fileEncoding = 4; lastKnownFileType = sourcecode.swift; path = UserData.swift; sourceTree = "<group>"; };
		C469F22628C65A22003F401A /* ProdRelatedInfo.swift */ = {isa = PBXFileReference; fileEncoding = 4; lastKnownFileType = sourcecode.swift; path = ProdRelatedInfo.swift; sourceTree = "<group>"; };
		C469F22E28C65A2F003F401A /* EmailVerifyView.swift */ = {isa = PBXFileReference; fileEncoding = 4; lastKnownFileType = sourcecode.swift; path = EmailVerifyView.swift; sourceTree = "<group>"; };
		C469F22F28C65A2F003F401A /* ButtonAnimation.swift */ = {isa = PBXFileReference; fileEncoding = 4; lastKnownFileType = sourcecode.swift; path = ButtonAnimation.swift; sourceTree = "<group>"; };
		C469F23128C65A2F003F401A /* TestView.swift */ = {isa = PBXFileReference; fileEncoding = 4; lastKnownFileType = sourcecode.swift; path = TestView.swift; sourceTree = "<group>"; };
		C469F23228C65A2F003F401A /* WelcomeView.swift */ = {isa = PBXFileReference; fileEncoding = 4; lastKnownFileType = sourcecode.swift; path = WelcomeView.swift; sourceTree = "<group>"; };
		C469F23328C65A2F003F401A /* RegisterView.swift */ = {isa = PBXFileReference; fileEncoding = 4; lastKnownFileType = sourcecode.swift; path = RegisterView.swift; sourceTree = "<group>"; };
		C469F23528C65A2F003F401A /* CheckEmailExist.swift */ = {isa = PBXFileReference; fileEncoding = 4; lastKnownFileType = sourcecode.swift; path = CheckEmailExist.swift; sourceTree = "<group>"; };
		C469F23628C65A2F003F401A /* WelcomeBackView.swift */ = {isa = PBXFileReference; fileEncoding = 4; lastKnownFileType = sourcecode.swift; path = WelcomeBackView.swift; sourceTree = "<group>"; };
		C469F24228C65ABA003F401A /* GoogleService-Info.plist */ = {isa = PBXFileReference; fileEncoding = 4; lastKnownFileType = text.plist.xml; path = "GoogleService-Info.plist"; sourceTree = "<group>"; };
		C46CE78728CB8E1E0047DE96 /* Category.swift */ = {isa = PBXFileReference; lastKnownFileType = sourcecode.swift; path = Category.swift; sourceTree = "<group>"; };
		C498AFB828C8FB9600DB5CA3 /* Product.swift */ = {isa = PBXFileReference; lastKnownFileType = sourcecode.swift; path = Product.swift; sourceTree = "<group>"; };
		C4CB7CC228B8A7CF00B017EB /* DealSearch.app */ = {isa = PBXFileReference; explicitFileType = wrapper.application; includeInIndex = 0; path = DealSearch.app; sourceTree = BUILT_PRODUCTS_DIR; };
		C4CB7CC528B8A7CF00B017EB /* DealSearchApp.swift */ = {isa = PBXFileReference; lastKnownFileType = sourcecode.swift; path = DealSearchApp.swift; sourceTree = "<group>"; };
		C4CB7CC928B8A7D100B017EB /* Assets.xcassets */ = {isa = PBXFileReference; lastKnownFileType = folder.assetcatalog; path = Assets.xcassets; sourceTree = "<group>"; };
		C4CB7CCC28B8A7D100B017EB /* Preview Assets.xcassets */ = {isa = PBXFileReference; lastKnownFileType = folder.assetcatalog; path = "Preview Assets.xcassets"; sourceTree = "<group>"; };
		C4DF286628CE58A000FB9B1E /* AddProduct.swift */ = {isa = PBXFileReference; lastKnownFileType = sourcecode.swift; path = AddProduct.swift; sourceTree = "<group>"; };
		C4DF286828CE5F8100FB9B1E /* TrendingProductData.swift */ = {isa = PBXFileReference; lastKnownFileType = sourcecode.swift; path = TrendingProductData.swift; sourceTree = "<group>"; };
		C4DF286A28CE605A00FB9B1E /* EditDeleteProduct.swift */ = {isa = PBXFileReference; lastKnownFileType = sourcecode.swift; path = EditDeleteProduct.swift; sourceTree = "<group>"; };
		C4DF286C28CE765D00FB9B1E /* EditTrendingProduct.swift */ = {isa = PBXFileReference; lastKnownFileType = sourcecode.swift; path = EditTrendingProduct.swift; sourceTree = "<group>"; };
		C4DF286E28CE898A00FB9B1E /* AddToTrendingList.swift */ = {isa = PBXFileReference; lastKnownFileType = sourcecode.swift; path = AddToTrendingList.swift; sourceTree = "<group>"; };
/* End PBXFileReference section */

/* Begin PBXFrameworksBuildPhase section */
		C4CB7CBF28B8A7CF00B017EB /* Frameworks */ = {
			isa = PBXFrameworksBuildPhase;
			buildActionMask = 2147483647;
			files = (
				C469F24628C65B5C003F401A /* FirebaseAuth in Frameworks */,
				C469F24828C65B5C003F401A /* FirebaseFirestore in Frameworks */,
			);
			runOnlyForDeploymentPostprocessing = 0;
		};
/* End PBXFrameworksBuildPhase section */

/* Begin PBXGroup section */
		C463AEA428C0A15B008A9348 /* Font */ = {
			isa = PBXGroup;
			children = (
				C463AEA528C0A188008A9348 /* OpenSans-Light.ttf */,
				C463AEA728C0A191008A9348 /* OpenSans-Regular.ttf */,
				C463AEA928C0A1DC008A9348 /* Montserrat-Regular.ttf */,
				C463AEAB28C0A1E6008A9348 /* Montserrat-Bold.ttf */,
				C463AEAD28C0A1FE008A9348 /* Montserrat-SemiBold.ttf */,
			);
			path = Font;
			sourceTree = "<group>";
		};
		C469F21428C659FC003F401A /* Helper */ = {
			isa = PBXGroup;
			children = (
				C469F21628C659FC003F401A /* Modifier.swift */,
			);
			path = Helper;
			sourceTree = "<group>";
		};
		C469F21928C65A14003F401A /* Model */ = {
			isa = PBXGroup;
			children = (
				C469F21A28C65A14003F401A /* UserDefault.swift */,
				C469F21B28C65A14003F401A /* User.swift */,
				C498AFB828C8FB9600DB5CA3 /* Product.swift */,
				C469F21C28C65A14003F401A /* Shop.swift */,
				C46CE78728CB8E1E0047DE96 /* Category.swift */,
			);
			path = Model;
			sourceTree = "<group>";
		};
		C469F22028C65A22003F401A /* ViewModel */ = {
			isa = PBXGroup;
			children = (
				C469F22528C65A22003F401A /* UserData.swift */,
				C402415B28C7232B00B205B8 /* CurrentUserData.swift */,
				C469F22428C65A22003F401A /* ProductData.swift */,
				C469F22328C65A22003F401A /* ShopData.swift */,
				C469F22128C65A22003F401A /* CategoryData.swift */,
				C4DF286828CE5F8100FB9B1E /* TrendingProductData.swift */,
				C469F22228C65A22003F401A /* DealCalcSorted.swift */,
				C469F22628C65A22003F401A /* ProdRelatedInfo.swift */,
			);
			path = ViewModel;
			sourceTree = "<group>";
		};
		C469F22D28C65A2F003F401A /* View */ = {
			isa = PBXGroup;
			children = (
				C4DF286528CE582800FB9B1E /* AdminDashboardView */,
				C469F23128C65A2F003F401A /* TestView.swift */,
				C469F22F28C65A2F003F401A /* ButtonAnimation.swift */,
				C402416128C8944700B205B8 /* LandingNavigation.swift */,
				C469F23228C65A2F003F401A /* WelcomeView.swift */,
				C469F22E28C65A2F003F401A /* EmailVerifyView.swift */,
				C469F23528C65A2F003F401A /* CheckEmailExist.swift */,
				C469F23628C65A2F003F401A /* WelcomeBackView.swift */,
				C469F23328C65A2F003F401A /* RegisterView.swift */,
				C402415F28C879F600B205B8 /* MotherView.swift */,
			);
			name = View;
			path = ViewModel/View;
			sourceTree = "<group>";
		};
		C4CB7CB928B8A7CF00B017EB = {
			isa = PBXGroup;
			children = (
				C4CB7CC428B8A7CF00B017EB /* DealSearch */,
				C4CB7CC328B8A7CF00B017EB /* Products */,
			);
			sourceTree = "<group>";
		};
		C4CB7CC328B8A7CF00B017EB /* Products */ = {
			isa = PBXGroup;
			children = (
				C4CB7CC228B8A7CF00B017EB /* DealSearch.app */,
			);
			name = Products;
			sourceTree = "<group>";
		};
		C4CB7CC428B8A7CF00B017EB /* DealSearch */ = {
			isa = PBXGroup;
			children = (
				C463AEAF28C0A234008A9348 /* Info.plist */,
				C469F24228C65ABA003F401A /* GoogleService-Info.plist */,
				C463AEA428C0A15B008A9348 /* Font */,
				C469F21428C659FC003F401A /* Helper */,
				C469F21928C65A14003F401A /* Model */,
				C469F22028C65A22003F401A /* ViewModel */,
				C469F22D28C65A2F003F401A /* View */,
				C402415D28C879CE00B205B8 /* ViewRouter.swift */,
				C4CB7CC528B8A7CF00B017EB /* DealSearchApp.swift */,
				C4CB7CC928B8A7D100B017EB /* Assets.xcassets */,
				C4CB7CCB28B8A7D100B017EB /* Preview Content */,
			);
			path = DealSearch;
			sourceTree = "<group>";
		};
		C4CB7CCB28B8A7D100B017EB /* Preview Content */ = {
			isa = PBXGroup;
			children = (
				C4CB7CCC28B8A7D100B017EB /* Preview Assets.xcassets */,
			);
			path = "Preview Content";
			sourceTree = "<group>";
		};
		C4DF286528CE582800FB9B1E /* AdminDashboardView */ = {
			isa = PBXGroup;
			children = (
				C4DF286628CE58A000FB9B1E /* AddProduct.swift */,
				C4DF286A28CE605A00FB9B1E /* EditDeleteProduct.swift */,
				C4DF286E28CE898A00FB9B1E /* AddToTrendingList.swift */,
				C4DF286C28CE765D00FB9B1E /* EditTrendingProduct.swift */,
				C43EA57528CEC11B0025945C /* AddShop.swift */,
				C43EA57928CEC13F0025945C /* EditShop.swift */,
				C43EA57728CEC1280025945C /* AddCategory.swift */,
				C43EA57B28CEC1480025945C /* EditCategory.swift */,
			);
			path = AdminDashboardView;
			sourceTree = "<group>";
		};
/* End PBXGroup section */

/* Begin PBXNativeTarget section */
		C4CB7CC128B8A7CF00B017EB /* DealSearch */ = {
			isa = PBXNativeTarget;
			buildConfigurationList = C4CB7CD028B8A7D100B017EB /* Build configuration list for PBXNativeTarget "DealSearch" */;
			buildPhases = (
				C4CB7CBE28B8A7CF00B017EB /* Sources */,
				C4CB7CBF28B8A7CF00B017EB /* Frameworks */,
				C4CB7CC028B8A7CF00B017EB /* Resources */,
			);
			buildRules = (
			);
			dependencies = (
			);
			name = DealSearch;
			packageProductDependencies = (
				C469F24528C65B5C003F401A /* FirebaseAuth */,
				C469F24728C65B5C003F401A /* FirebaseFirestore */,
			);
			productName = DealSearch;
			productReference = C4CB7CC228B8A7CF00B017EB /* DealSearch.app */;
			productType = "com.apple.product-type.application";
		};
/* End PBXNativeTarget section */

/* Begin PBXProject section */
		C4CB7CBA28B8A7CF00B017EB /* Project object */ = {
			isa = PBXProject;
			attributes = {
				BuildIndependentTargetsInParallel = 1;
				LastSwiftUpdateCheck = 1340;
				LastUpgradeCheck = 1340;
				TargetAttributes = {
					C4CB7CC128B8A7CF00B017EB = {
						CreatedOnToolsVersion = 13.4.1;
					};
				};
			};
			buildConfigurationList = C4CB7CBD28B8A7CF00B017EB /* Build configuration list for PBXProject "DealSearch" */;
			compatibilityVersion = "Xcode 13.0";
			developmentRegion = en;
			hasScannedForEncodings = 0;
			knownRegions = (
				en,
				Base,
			);
			mainGroup = C4CB7CB928B8A7CF00B017EB;
			packageReferences = (
				C469F24428C65B5C003F401A /* XCRemoteSwiftPackageReference "firebase-ios-sdk" */,
			);
			productRefGroup = C4CB7CC328B8A7CF00B017EB /* Products */;
			projectDirPath = "";
			projectRoot = "";
			targets = (
				C4CB7CC128B8A7CF00B017EB /* DealSearch */,
			);
		};
/* End PBXProject section */

/* Begin PBXResourcesBuildPhase section */
		C4CB7CC028B8A7CF00B017EB /* Resources */ = {
			isa = PBXResourcesBuildPhase;
			buildActionMask = 2147483647;
			files = (
				C463AEAA28C0A1DC008A9348 /* Montserrat-Regular.ttf in Resources */,
				C463AEA628C0A188008A9348 /* OpenSans-Light.ttf in Resources */,
				C4CB7CCD28B8A7D100B017EB /* Preview Assets.xcassets in Resources */,
				C463AEAE28C0A1FE008A9348 /* Montserrat-SemiBold.ttf in Resources */,
				C463AEA828C0A191008A9348 /* OpenSans-Regular.ttf in Resources */,
				C463AEAC28C0A1E6008A9348 /* Montserrat-Bold.ttf in Resources */,
				C469F24328C65ABA003F401A /* GoogleService-Info.plist in Resources */,
				C4CB7CCA28B8A7D100B017EB /* Assets.xcassets in Resources */,
			);
			runOnlyForDeploymentPostprocessing = 0;
		};
/* End PBXResourcesBuildPhase section */

/* Begin PBXSourcesBuildPhase section */
		C4CB7CBE28B8A7CF00B017EB /* Sources */ = {
			isa = PBXSourcesBuildPhase;
			buildActionMask = 2147483647;
			files = (
				C469F23F28C65A2F003F401A /* WelcomeBackView.swift in Sources */,
				C469F23828C65A2F003F401A /* ButtonAnimation.swift in Sources */,
				C4DF286B28CE605A00FB9B1E /* EditDeleteProduct.swift in Sources */,
				C402415E28C879CE00B205B8 /* ViewRouter.swift in Sources */,
				C469F22828C65A22003F401A /* DealCalcSorted.swift in Sources */,
				C469F23E28C65A2F003F401A /* CheckEmailExist.swift in Sources */,
				C469F22B28C65A22003F401A /* UserData.swift in Sources */,
				C469F22728C65A22003F401A /* CategoryData.swift in Sources */,
				C4DF286728CE58A000FB9B1E /* AddProduct.swift in Sources */,
				C43EA57A28CEC13F0025945C /* EditShop.swift in Sources */,
				C469F23A28C65A2F003F401A /* TestView.swift in Sources */,
				C4DF286F28CE898A00FB9B1E /* AddToTrendingList.swift in Sources */,
				C4DF286D28CE765D00FB9B1E /* EditTrendingProduct.swift in Sources */,
				C402415C28C7232B00B205B8 /* CurrentUserData.swift in Sources */,
				C469F23B28C65A2F003F401A /* WelcomeView.swift in Sources */,
				C469F21828C659FC003F401A /* Modifier.swift in Sources */,
				C402416228C8944700B205B8 /* LandingNavigation.swift in Sources */,
				C402416028C879F600B205B8 /* MotherView.swift in Sources */,
				C469F22C28C65A22003F401A /* ProdRelatedInfo.swift in Sources */,
				C469F23C28C65A2F003F401A /* RegisterView.swift in Sources */,
				C43EA57828CEC1280025945C /* AddCategory.swift in Sources */,
				C46CE78828CB8E1E0047DE96 /* Category.swift in Sources */,
				C469F22928C65A22003F401A /* ShopData.swift in Sources */,
				C43EA57C28CEC1480025945C /* EditCategory.swift in Sources */,
				C498AFB928C8FB9600DB5CA3 /* Product.swift in Sources */,
				C469F21F28C65A14003F401A /* Shop.swift in Sources */,
				C43EA57628CEC11B0025945C /* AddShop.swift in Sources */,
				C469F21E28C65A14003F401A /* User.swift in Sources */,
				C469F21D28C65A14003F401A /* UserDefault.swift in Sources */,
				C469F22A28C65A22003F401A /* ProductData.swift in Sources */,
				C4CB7CC628B8A7CF00B017EB /* DealSearchApp.swift in Sources */,
				C4DF286928CE5F8100FB9B1E /* TrendingProductData.swift in Sources */,
				C469F23728C65A2F003F401A /* EmailVerifyView.swift in Sources */,
			);
			runOnlyForDeploymentPostprocessing = 0;
		};
/* End PBXSourcesBuildPhase section */

/* Begin XCBuildConfiguration section */
		C4CB7CCE28B8A7D100B017EB /* Debug */ = {
			isa = XCBuildConfiguration;
			buildSettings = {
				ALWAYS_SEARCH_USER_PATHS = NO;
				CLANG_ANALYZER_NONNULL = YES;
				CLANG_ANALYZER_NUMBER_OBJECT_CONVERSION = YES_AGGRESSIVE;
				CLANG_CXX_LANGUAGE_STANDARD = "gnu++17";
				CLANG_ENABLE_MODULES = YES;
				CLANG_ENABLE_OBJC_ARC = YES;
				CLANG_ENABLE_OBJC_WEAK = YES;
				CLANG_WARN_BLOCK_CAPTURE_AUTORELEASING = YES;
				CLANG_WARN_BOOL_CONVERSION = YES;
				CLANG_WARN_COMMA = YES;
				CLANG_WARN_CONSTANT_CONVERSION = YES;
				CLANG_WARN_DEPRECATED_OBJC_IMPLEMENTATIONS = YES;
				CLANG_WARN_DIRECT_OBJC_ISA_USAGE = YES_ERROR;
				CLANG_WARN_DOCUMENTATION_COMMENTS = YES;
				CLANG_WARN_EMPTY_BODY = YES;
				CLANG_WARN_ENUM_CONVERSION = YES;
				CLANG_WARN_INFINITE_RECURSION = YES;
				CLANG_WARN_INT_CONVERSION = YES;
				CLANG_WARN_NON_LITERAL_NULL_CONVERSION = YES;
				CLANG_WARN_OBJC_IMPLICIT_RETAIN_SELF = YES;
				CLANG_WARN_OBJC_LITERAL_CONVERSION = YES;
				CLANG_WARN_OBJC_ROOT_CLASS = YES_ERROR;
				CLANG_WARN_QUOTED_INCLUDE_IN_FRAMEWORK_HEADER = YES;
				CLANG_WARN_RANGE_LOOP_ANALYSIS = YES;
				CLANG_WARN_STRICT_PROTOTYPES = YES;
				CLANG_WARN_SUSPICIOUS_MOVE = YES;
				CLANG_WARN_UNGUARDED_AVAILABILITY = YES_AGGRESSIVE;
				CLANG_WARN_UNREACHABLE_CODE = YES;
				CLANG_WARN__DUPLICATE_METHOD_MATCH = YES;
				COPY_PHASE_STRIP = NO;
				DEBUG_INFORMATION_FORMAT = dwarf;
				ENABLE_STRICT_OBJC_MSGSEND = YES;
				ENABLE_TESTABILITY = YES;
				GCC_C_LANGUAGE_STANDARD = gnu11;
				GCC_DYNAMIC_NO_PIC = NO;
				GCC_NO_COMMON_BLOCKS = YES;
				GCC_OPTIMIZATION_LEVEL = 0;
				GCC_PREPROCESSOR_DEFINITIONS = (
					"DEBUG=1",
					"$(inherited)",
				);
				GCC_WARN_64_TO_32_BIT_CONVERSION = YES;
				GCC_WARN_ABOUT_RETURN_TYPE = YES_ERROR;
				GCC_WARN_UNDECLARED_SELECTOR = YES;
				GCC_WARN_UNINITIALIZED_AUTOS = YES_AGGRESSIVE;
				GCC_WARN_UNUSED_FUNCTION = YES;
				GCC_WARN_UNUSED_VARIABLE = YES;
				IPHONEOS_DEPLOYMENT_TARGET = 15.5;
				MTL_ENABLE_DEBUG_INFO = INCLUDE_SOURCE;
				MTL_FAST_MATH = YES;
				ONLY_ACTIVE_ARCH = YES;
				SDKROOT = iphoneos;
				SWIFT_ACTIVE_COMPILATION_CONDITIONS = DEBUG;
				SWIFT_OPTIMIZATION_LEVEL = "-Onone";
			};
			name = Debug;
		};
		C4CB7CCF28B8A7D100B017EB /* Release */ = {
			isa = XCBuildConfiguration;
			buildSettings = {
				ALWAYS_SEARCH_USER_PATHS = NO;
				CLANG_ANALYZER_NONNULL = YES;
				CLANG_ANALYZER_NUMBER_OBJECT_CONVERSION = YES_AGGRESSIVE;
				CLANG_CXX_LANGUAGE_STANDARD = "gnu++17";
				CLANG_ENABLE_MODULES = YES;
				CLANG_ENABLE_OBJC_ARC = YES;
				CLANG_ENABLE_OBJC_WEAK = YES;
				CLANG_WARN_BLOCK_CAPTURE_AUTORELEASING = YES;
				CLANG_WARN_BOOL_CONVERSION = YES;
				CLANG_WARN_COMMA = YES;
				CLANG_WARN_CONSTANT_CONVERSION = YES;
				CLANG_WARN_DEPRECATED_OBJC_IMPLEMENTATIONS = YES;
				CLANG_WARN_DIRECT_OBJC_ISA_USAGE = YES_ERROR;
				CLANG_WARN_DOCUMENTATION_COMMENTS = YES;
				CLANG_WARN_EMPTY_BODY = YES;
				CLANG_WARN_ENUM_CONVERSION = YES;
				CLANG_WARN_INFINITE_RECURSION = YES;
				CLANG_WARN_INT_CONVERSION = YES;
				CLANG_WARN_NON_LITERAL_NULL_CONVERSION = YES;
				CLANG_WARN_OBJC_IMPLICIT_RETAIN_SELF = YES;
				CLANG_WARN_OBJC_LITERAL_CONVERSION = YES;
				CLANG_WARN_OBJC_ROOT_CLASS = YES_ERROR;
				CLANG_WARN_QUOTED_INCLUDE_IN_FRAMEWORK_HEADER = YES;
				CLANG_WARN_RANGE_LOOP_ANALYSIS = YES;
				CLANG_WARN_STRICT_PROTOTYPES = YES;
				CLANG_WARN_SUSPICIOUS_MOVE = YES;
				CLANG_WARN_UNGUARDED_AVAILABILITY = YES_AGGRESSIVE;
				CLANG_WARN_UNREACHABLE_CODE = YES;
				CLANG_WARN__DUPLICATE_METHOD_MATCH = YES;
				COPY_PHASE_STRIP = NO;
				DEBUG_INFORMATION_FORMAT = "dwarf-with-dsym";
				ENABLE_NS_ASSERTIONS = NO;
				ENABLE_STRICT_OBJC_MSGSEND = YES;
				GCC_C_LANGUAGE_STANDARD = gnu11;
				GCC_NO_COMMON_BLOCKS = YES;
				GCC_WARN_64_TO_32_BIT_CONVERSION = YES;
				GCC_WARN_ABOUT_RETURN_TYPE = YES_ERROR;
				GCC_WARN_UNDECLARED_SELECTOR = YES;
				GCC_WARN_UNINITIALIZED_AUTOS = YES_AGGRESSIVE;
				GCC_WARN_UNUSED_FUNCTION = YES;
				GCC_WARN_UNUSED_VARIABLE = YES;
				IPHONEOS_DEPLOYMENT_TARGET = 15.5;
				MTL_ENABLE_DEBUG_INFO = NO;
				MTL_FAST_MATH = YES;
				SDKROOT = iphoneos;
				SWIFT_COMPILATION_MODE = wholemodule;
				SWIFT_OPTIMIZATION_LEVEL = "-O";
				VALIDATE_PRODUCT = YES;
			};
			name = Release;
		};
		C4CB7CD128B8A7D100B017EB /* Debug */ = {
			isa = XCBuildConfiguration;
			buildSettings = {
				ASSETCATALOG_COMPILER_APPICON_NAME = AppIcon;
				ASSETCATALOG_COMPILER_GLOBAL_ACCENT_COLOR_NAME = AccentColor;
				CODE_SIGN_STYLE = Automatic;
				CURRENT_PROJECT_VERSION = 1;
				DEVELOPMENT_ASSET_PATHS = "\"DealSearch/Preview Content\"";
				DEVELOPMENT_TEAM = 83GY35J32F;
				ENABLE_PREVIEWS = YES;
				GENERATE_INFOPLIST_FILE = YES;
				INFOPLIST_FILE = DealSearch/Info.plist;
				INFOPLIST_KEY_UIApplicationSceneManifest_Generation = YES;
				INFOPLIST_KEY_UIApplicationSupportsIndirectInputEvents = YES;
				INFOPLIST_KEY_UILaunchScreen_Generation = YES;
				INFOPLIST_KEY_UISupportedInterfaceOrientations_iPad = "UIInterfaceOrientationPortrait UIInterfaceOrientationPortraitUpsideDown UIInterfaceOrientationLandscapeLeft UIInterfaceOrientationLandscapeRight";
				INFOPLIST_KEY_UISupportedInterfaceOrientations_iPhone = "UIInterfaceOrientationPortrait UIInterfaceOrientationLandscapeLeft UIInterfaceOrientationLandscapeRight";
				LD_RUNPATH_SEARCH_PATHS = (
					"$(inherited)",
					"@executable_path/Frameworks",
				);
				MARKETING_VERSION = 1.0;
				PRODUCT_BUNDLE_IDENTIFIER = com.iosProg.linh.DealSearch;
				PRODUCT_NAME = "$(TARGET_NAME)";
				SWIFT_EMIT_LOC_STRINGS = YES;
				SWIFT_VERSION = 5.0;
				TARGETED_DEVICE_FAMILY = "1,2";
			};
			name = Debug;
		};
		C4CB7CD228B8A7D100B017EB /* Release */ = {
			isa = XCBuildConfiguration;
			buildSettings = {
				ASSETCATALOG_COMPILER_APPICON_NAME = AppIcon;
				ASSETCATALOG_COMPILER_GLOBAL_ACCENT_COLOR_NAME = AccentColor;
				CODE_SIGN_STYLE = Automatic;
				CURRENT_PROJECT_VERSION = 1;
				DEVELOPMENT_ASSET_PATHS = "\"DealSearch/Preview Content\"";
				DEVELOPMENT_TEAM = 83GY35J32F;
				ENABLE_PREVIEWS = YES;
				GENERATE_INFOPLIST_FILE = YES;
				INFOPLIST_FILE = DealSearch/Info.plist;
				INFOPLIST_KEY_UIApplicationSceneManifest_Generation = YES;
				INFOPLIST_KEY_UIApplicationSupportsIndirectInputEvents = YES;
				INFOPLIST_KEY_UILaunchScreen_Generation = YES;
				INFOPLIST_KEY_UISupportedInterfaceOrientations_iPad = "UIInterfaceOrientationPortrait UIInterfaceOrientationPortraitUpsideDown UIInterfaceOrientationLandscapeLeft UIInterfaceOrientationLandscapeRight";
				INFOPLIST_KEY_UISupportedInterfaceOrientations_iPhone = "UIInterfaceOrientationPortrait UIInterfaceOrientationLandscapeLeft UIInterfaceOrientationLandscapeRight";
				LD_RUNPATH_SEARCH_PATHS = (
					"$(inherited)",
					"@executable_path/Frameworks",
				);
				MARKETING_VERSION = 1.0;
				PRODUCT_BUNDLE_IDENTIFIER = com.iosProg.linh.DealSearch;
				PRODUCT_NAME = "$(TARGET_NAME)";
				SWIFT_EMIT_LOC_STRINGS = YES;
				SWIFT_VERSION = 5.0;
				TARGETED_DEVICE_FAMILY = "1,2";
			};
			name = Release;
		};
/* End XCBuildConfiguration section */

/* Begin XCConfigurationList section */
		C4CB7CBD28B8A7CF00B017EB /* Build configuration list for PBXProject "DealSearch" */ = {
			isa = XCConfigurationList;
			buildConfigurations = (
				C4CB7CCE28B8A7D100B017EB /* Debug */,
				C4CB7CCF28B8A7D100B017EB /* Release */,
			);
			defaultConfigurationIsVisible = 0;
			defaultConfigurationName = Release;
		};
		C4CB7CD028B8A7D100B017EB /* Build configuration list for PBXNativeTarget "DealSearch" */ = {
			isa = XCConfigurationList;
			buildConfigurations = (
				C4CB7CD128B8A7D100B017EB /* Debug */,
				C4CB7CD228B8A7D100B017EB /* Release */,
			);
			defaultConfigurationIsVisible = 0;
			defaultConfigurationName = Release;
		};
/* End XCConfigurationList section */

/* Begin XCRemoteSwiftPackageReference section */
		C469F24428C65B5C003F401A /* XCRemoteSwiftPackageReference "firebase-ios-sdk" */ = {
			isa = XCRemoteSwiftPackageReference;
			repositoryURL = "https://github.com/firebase/firebase-ios-sdk";
			requirement = {
				kind = upToNextMajorVersion;
				minimumVersion = 9.0.0;
			};
		};
/* End XCRemoteSwiftPackageReference section */

/* Begin XCSwiftPackageProductDependency section */
		C469F24528C65B5C003F401A /* FirebaseAuth */ = {
			isa = XCSwiftPackageProductDependency;
			package = C469F24428C65B5C003F401A /* XCRemoteSwiftPackageReference "firebase-ios-sdk" */;
			productName = FirebaseAuth;
		};
		C469F24728C65B5C003F401A /* FirebaseFirestore */ = {
			isa = XCSwiftPackageProductDependency;
			package = C469F24428C65B5C003F401A /* XCRemoteSwiftPackageReference "firebase-ios-sdk" */;
			productName = FirebaseFirestore;
		};
/* End XCSwiftPackageProductDependency section */
	};
	rootObject = C4CB7CBA28B8A7CF00B017EB /* Project object */;
}
