// !$*UTF8*$!
{
	archiveVersion = 1;
	classes = {
	};
	objectVersion = 55;
	objects = {

/* Begin PBXBuildFile section */
		C421749128C0AB2A0071F1F5 /* WelcomeBackView.swift in Sources */ = {isa = PBXBuildFile; fileRef = C421749028C0AB2A0071F1F5 /* WelcomeBackView.swift */; };
		C463AEA328C093AD008A9348 /* WelcomeView.swift in Sources */ = {isa = PBXBuildFile; fileRef = C463AEA228C093AD008A9348 /* WelcomeView.swift */; };
		C463AEA628C0A188008A9348 /* OpenSans-Light.ttf in Resources */ = {isa = PBXBuildFile; fileRef = C463AEA528C0A188008A9348 /* OpenSans-Light.ttf */; };
		C463AEA828C0A191008A9348 /* OpenSans-Regular.ttf in Resources */ = {isa = PBXBuildFile; fileRef = C463AEA728C0A191008A9348 /* OpenSans-Regular.ttf */; };
		C463AEAA28C0A1DC008A9348 /* Montserrat-Regular.ttf in Resources */ = {isa = PBXBuildFile; fileRef = C463AEA928C0A1DC008A9348 /* Montserrat-Regular.ttf */; };
		C463AEAC28C0A1E6008A9348 /* Montserrat-Bold.ttf in Resources */ = {isa = PBXBuildFile; fileRef = C463AEAB28C0A1E6008A9348 /* Montserrat-Bold.ttf */; };
		C463AEAE28C0A1FE008A9348 /* Montserrat-SemiBold.ttf in Resources */ = {isa = PBXBuildFile; fileRef = C463AEAD28C0A1FE008A9348 /* Montserrat-SemiBold.ttf */; };
		C463AEB128C0A5FB008A9348 /* ButtonAnimation.swift in Sources */ = {isa = PBXBuildFile; fileRef = C463AEB028C0A5FB008A9348 /* ButtonAnimation.swift */; };
		C46EFC6C28C0BB160063732D /* RegisterView.swift in Sources */ = {isa = PBXBuildFile; fileRef = C46EFC6B28C0BB150063732D /* RegisterView.swift */; };
		C46EFC6F28C0BBE50063732D /* Modifier.swift in Sources */ = {isa = PBXBuildFile; fileRef = C46EFC6E28C0BBE50063732D /* Modifier.swift */; };
		C4CB7CC628B8A7CF00B017EB /* DealSearchApp.swift in Sources */ = {isa = PBXBuildFile; fileRef = C4CB7CC528B8A7CF00B017EB /* DealSearchApp.swift */; };
		C4CB7CC828B8A7CF00B017EB /* ContentView.swift in Sources */ = {isa = PBXBuildFile; fileRef = C4CB7CC728B8A7CF00B017EB /* ContentView.swift */; };
		C4CB7CCA28B8A7D100B017EB /* Assets.xcassets in Resources */ = {isa = PBXBuildFile; fileRef = C4CB7CC928B8A7D100B017EB /* Assets.xcassets */; };
		C4CB7CCD28B8A7D100B017EB /* Preview Assets.xcassets in Resources */ = {isa = PBXBuildFile; fileRef = C4CB7CCC28B8A7D100B017EB /* Preview Assets.xcassets */; };
		C4CB7CD728B8AA0700B017EB /* UserStruct.swift in Sources */ = {isa = PBXBuildFile; fileRef = C4CB7CD628B8AA0700B017EB /* UserStruct.swift */; };
		C4CB7CD928B8AC1100B017EB /* Category.json in Resources */ = {isa = PBXBuildFile; fileRef = C4CB7CD828B8AC1100B017EB /* Category.json */; };
		C4CB7CDB28B8B3ED00B017EB /* ShopProduct.swift in Sources */ = {isa = PBXBuildFile; fileRef = C4CB7CDA28B8B3ED00B017EB /* ShopProduct.swift */; };
		C4CB7CDF28B9186A00B017EB /* ShopData.swift in Sources */ = {isa = PBXBuildFile; fileRef = C4CB7CDE28B9186A00B017EB /* ShopData.swift */; };
		C4CB7CE128BA0A4D00B017EB /* Shop.json in Resources */ = {isa = PBXBuildFile; fileRef = C4CB7CE028BA0A4D00B017EB /* Shop.json */; };
		C4DB03A428BBB37600C3EB4E /* Product.json in Resources */ = {isa = PBXBuildFile; fileRef = C4DB03A328BBB37500C3EB4E /* Product.json */; };
		C4DB03A628BBE3EA00C3EB4E /* CategoryData.swift in Sources */ = {isa = PBXBuildFile; fileRef = C4DB03A528BBE3EA00C3EB4E /* CategoryData.swift */; };
		C4DB03A828BBE72A00C3EB4E /* ProdRelatedInfo.swift in Sources */ = {isa = PBXBuildFile; fileRef = C4DB03A728BBE72A00C3EB4E /* ProdRelatedInfo.swift */; };
		C4FCB9F728BB679F000E1DAB /* DealCalcSorted.swift in Sources */ = {isa = PBXBuildFile; fileRef = C4FCB9F628BB679F000E1DAB /* DealCalcSorted.swift */; };
		C4FCB9FD28BB75F0000E1DAB /* ProductData.swift in Sources */ = {isa = PBXBuildFile; fileRef = C4FCB9FC28BB75F0000E1DAB /* ProductData.swift */; };
/* End PBXBuildFile section */

/* Begin PBXFileReference section */
		C421749028C0AB2A0071F1F5 /* WelcomeBackView.swift */ = {isa = PBXFileReference; lastKnownFileType = sourcecode.swift; path = WelcomeBackView.swift; sourceTree = "<group>"; };
		C463AEA228C093AD008A9348 /* WelcomeView.swift */ = {isa = PBXFileReference; lastKnownFileType = sourcecode.swift; path = WelcomeView.swift; sourceTree = "<group>"; };
		C463AEA528C0A188008A9348 /* OpenSans-Light.ttf */ = {isa = PBXFileReference; lastKnownFileType = file; path = "OpenSans-Light.ttf"; sourceTree = "<group>"; };
		C463AEA728C0A191008A9348 /* OpenSans-Regular.ttf */ = {isa = PBXFileReference; lastKnownFileType = file; path = "OpenSans-Regular.ttf"; sourceTree = "<group>"; };
		C463AEA928C0A1DC008A9348 /* Montserrat-Regular.ttf */ = {isa = PBXFileReference; lastKnownFileType = file; path = "Montserrat-Regular.ttf"; sourceTree = "<group>"; };
		C463AEAB28C0A1E6008A9348 /* Montserrat-Bold.ttf */ = {isa = PBXFileReference; lastKnownFileType = file; path = "Montserrat-Bold.ttf"; sourceTree = "<group>"; };
		C463AEAD28C0A1FE008A9348 /* Montserrat-SemiBold.ttf */ = {isa = PBXFileReference; lastKnownFileType = file; path = "Montserrat-SemiBold.ttf"; sourceTree = "<group>"; };
		C463AEAF28C0A234008A9348 /* Info.plist */ = {isa = PBXFileReference; lastKnownFileType = text.plist; path = Info.plist; sourceTree = "<group>"; };
		C463AEB028C0A5FB008A9348 /* ButtonAnimation.swift */ = {isa = PBXFileReference; lastKnownFileType = sourcecode.swift; path = ButtonAnimation.swift; sourceTree = "<group>"; };
		C46EFC6B28C0BB150063732D /* RegisterView.swift */ = {isa = PBXFileReference; lastKnownFileType = sourcecode.swift; path = RegisterView.swift; sourceTree = "<group>"; };
		C46EFC6E28C0BBE50063732D /* Modifier.swift */ = {isa = PBXFileReference; lastKnownFileType = sourcecode.swift; path = Modifier.swift; sourceTree = "<group>"; };
		C4CB7CC228B8A7CF00B017EB /* DealSearch.app */ = {isa = PBXFileReference; explicitFileType = wrapper.application; includeInIndex = 0; path = DealSearch.app; sourceTree = BUILT_PRODUCTS_DIR; };
		C4CB7CC528B8A7CF00B017EB /* DealSearchApp.swift */ = {isa = PBXFileReference; lastKnownFileType = sourcecode.swift; path = DealSearchApp.swift; sourceTree = "<group>"; };
		C4CB7CC728B8A7CF00B017EB /* ContentView.swift */ = {isa = PBXFileReference; lastKnownFileType = sourcecode.swift; path = ContentView.swift; sourceTree = "<group>"; };
		C4CB7CC928B8A7D100B017EB /* Assets.xcassets */ = {isa = PBXFileReference; lastKnownFileType = folder.assetcatalog; path = Assets.xcassets; sourceTree = "<group>"; };
		C4CB7CCC28B8A7D100B017EB /* Preview Assets.xcassets */ = {isa = PBXFileReference; lastKnownFileType = folder.assetcatalog; path = "Preview Assets.xcassets"; sourceTree = "<group>"; };
		C4CB7CD628B8AA0700B017EB /* UserStruct.swift */ = {isa = PBXFileReference; lastKnownFileType = sourcecode.swift; path = UserStruct.swift; sourceTree = "<group>"; };
		C4CB7CD828B8AC1100B017EB /* Category.json */ = {isa = PBXFileReference; fileEncoding = 4; lastKnownFileType = text.json; path = Category.json; sourceTree = "<group>"; };
		C4CB7CDA28B8B3ED00B017EB /* ShopProduct.swift */ = {isa = PBXFileReference; lastKnownFileType = sourcecode.swift; path = ShopProduct.swift; sourceTree = "<group>"; };
		C4CB7CDE28B9186A00B017EB /* ShopData.swift */ = {isa = PBXFileReference; lastKnownFileType = sourcecode.swift; path = ShopData.swift; sourceTree = "<group>"; };
		C4CB7CE028BA0A4D00B017EB /* Shop.json */ = {isa = PBXFileReference; fileEncoding = 4; lastKnownFileType = text.json; path = Shop.json; sourceTree = "<group>"; };
		C4DB03A328BBB37500C3EB4E /* Product.json */ = {isa = PBXFileReference; fileEncoding = 4; lastKnownFileType = text.json; path = Product.json; sourceTree = "<group>"; };
		C4DB03A528BBE3EA00C3EB4E /* CategoryData.swift */ = {isa = PBXFileReference; lastKnownFileType = sourcecode.swift; path = CategoryData.swift; sourceTree = "<group>"; };
		C4DB03A728BBE72A00C3EB4E /* ProdRelatedInfo.swift */ = {isa = PBXFileReference; lastKnownFileType = sourcecode.swift; path = ProdRelatedInfo.swift; sourceTree = "<group>"; };
		C4FCB9F628BB679F000E1DAB /* DealCalcSorted.swift */ = {isa = PBXFileReference; lastKnownFileType = sourcecode.swift; path = DealCalcSorted.swift; sourceTree = "<group>"; };
		C4FCB9FC28BB75F0000E1DAB /* ProductData.swift */ = {isa = PBXFileReference; lastKnownFileType = sourcecode.swift; path = ProductData.swift; sourceTree = "<group>"; };
/* End PBXFileReference section */

/* Begin PBXFrameworksBuildPhase section */
		C4CB7CBF28B8A7CF00B017EB /* Frameworks */ = {
			isa = PBXFrameworksBuildPhase;
			buildActionMask = 2147483647;
			files = (
			);
			runOnlyForDeploymentPostprocessing = 0;
		};
/* End PBXFrameworksBuildPhase section */

/* Begin PBXGroup section */
		C463AEA428C0A15B008A9348 /* Font */ = {
			isa = PBXGroup;
			children = (
				C463AEA528C0A188008A9348 /* OpenSans-Light.ttf */,
				C463AEA728C0A191008A9348 /* OpenSans-Regular.ttf */,
				C463AEA928C0A1DC008A9348 /* Montserrat-Regular.ttf */,
				C463AEAB28C0A1E6008A9348 /* Montserrat-Bold.ttf */,
				C463AEAD28C0A1FE008A9348 /* Montserrat-SemiBold.ttf */,
			);
			path = Font;
			sourceTree = "<group>";
		};
		C46EFC6D28C0BBCF0063732D /* Helper */ = {
			isa = PBXGroup;
			children = (
				C46EFC6E28C0BBE50063732D /* Modifier.swift */,
			);
			path = Helper;
			sourceTree = "<group>";
		};
		C4CB7CB928B8A7CF00B017EB = {
			isa = PBXGroup;
			children = (
				C4CB7CC428B8A7CF00B017EB /* DealSearch */,
				C4CB7CC328B8A7CF00B017EB /* Products */,
			);
			sourceTree = "<group>";
		};
		C4CB7CC328B8A7CF00B017EB /* Products */ = {
			isa = PBXGroup;
			children = (
				C4CB7CC228B8A7CF00B017EB /* DealSearch.app */,
			);
			name = Products;
			sourceTree = "<group>";
		};
		C4CB7CC428B8A7CF00B017EB /* DealSearch */ = {
			isa = PBXGroup;
			children = (
				C463AEAF28C0A234008A9348 /* Info.plist */,
				C463AEA428C0A15B008A9348 /* Font */,
				C46EFC6D28C0BBCF0063732D /* Helper */,
				C4CB7CD528B8A8BC00B017EB /* Model */,
				C4CB7CD428B8A8B500B017EB /* ViewModel */,
				C4CB7CD328B8A8B100B017EB /* View */,
				C4CB7CC528B8A7CF00B017EB /* DealSearchApp.swift */,
				C4CB7CC928B8A7D100B017EB /* Assets.xcassets */,
				C4CB7CD828B8AC1100B017EB /* Category.json */,
				C4DB03A328BBB37500C3EB4E /* Product.json */,
				C4CB7CE028BA0A4D00B017EB /* Shop.json */,
				C4CB7CCB28B8A7D100B017EB /* Preview Content */,
			);
			path = DealSearch;
			sourceTree = "<group>";
		};
		C4CB7CCB28B8A7D100B017EB /* Preview Content */ = {
			isa = PBXGroup;
			children = (
				C4CB7CCC28B8A7D100B017EB /* Preview Assets.xcassets */,
			);
			path = "Preview Content";
			sourceTree = "<group>";
		};
		C4CB7CD328B8A8B100B017EB /* View */ = {
			isa = PBXGroup;
			children = (
				C4CB7CC728B8A7CF00B017EB /* ContentView.swift */,
				C463AEA228C093AD008A9348 /* WelcomeView.swift */,
				C463AEB028C0A5FB008A9348 /* ButtonAnimation.swift */,
				C421749028C0AB2A0071F1F5 /* WelcomeBackView.swift */,
				C46EFC6B28C0BB150063732D /* RegisterView.swift */,
			);
			path = View;
			sourceTree = "<group>";
		};
		C4CB7CD428B8A8B500B017EB /* ViewModel */ = {
			isa = PBXGroup;
			children = (
				C4CB7CDE28B9186A00B017EB /* ShopData.swift */,
				C4DB03A528BBE3EA00C3EB4E /* CategoryData.swift */,
				C4FCB9FC28BB75F0000E1DAB /* ProductData.swift */,
				C4FCB9F628BB679F000E1DAB /* DealCalcSorted.swift */,
				C4DB03A728BBE72A00C3EB4E /* ProdRelatedInfo.swift */,
			);
			path = ViewModel;
			sourceTree = "<group>";
		};
		C4CB7CD528B8A8BC00B017EB /* Model */ = {
			isa = PBXGroup;
			children = (
				C4CB7CD628B8AA0700B017EB /* UserStruct.swift */,
				C4CB7CDA28B8B3ED00B017EB /* ShopProduct.swift */,
			);
			path = Model;
			sourceTree = "<group>";
		};
/* End PBXGroup section */

/* Begin PBXNativeTarget section */
		C4CB7CC128B8A7CF00B017EB /* DealSearch */ = {
			isa = PBXNativeTarget;
			buildConfigurationList = C4CB7CD028B8A7D100B017EB /* Build configuration list for PBXNativeTarget "DealSearch" */;
			buildPhases = (
				C4CB7CBE28B8A7CF00B017EB /* Sources */,
				C4CB7CBF28B8A7CF00B017EB /* Frameworks */,
				C4CB7CC028B8A7CF00B017EB /* Resources */,
			);
			buildRules = (
			);
			dependencies = (
			);
			name = DealSearch;
			productName = DealSearch;
			productReference = C4CB7CC228B8A7CF00B017EB /* DealSearch.app */;
			productType = "com.apple.product-type.application";
		};
/* End PBXNativeTarget section */

/* Begin PBXProject section */
		C4CB7CBA28B8A7CF00B017EB /* Project object */ = {
			isa = PBXProject;
			attributes = {
				BuildIndependentTargetsInParallel = 1;
				LastSwiftUpdateCheck = 1340;
				LastUpgradeCheck = 1340;
				TargetAttributes = {
					C4CB7CC128B8A7CF00B017EB = {
						CreatedOnToolsVersion = 13.4.1;
					};
				};
			};
			buildConfigurationList = C4CB7CBD28B8A7CF00B017EB /* Build configuration list for PBXProject "DealSearch" */;
			compatibilityVersion = "Xcode 13.0";
			developmentRegion = en;
			hasScannedForEncodings = 0;
			knownRegions = (
				en,
				Base,
			);
			mainGroup = C4CB7CB928B8A7CF00B017EB;
			productRefGroup = C4CB7CC328B8A7CF00B017EB /* Products */;
			projectDirPath = "";
			projectRoot = "";
			targets = (
				C4CB7CC128B8A7CF00B017EB /* DealSearch */,
			);
		};
/* End PBXProject section */

/* Begin PBXResourcesBuildPhase section */
		C4CB7CC028B8A7CF00B017EB /* Resources */ = {
			isa = PBXResourcesBuildPhase;
			buildActionMask = 2147483647;
			files = (
				C463AEAA28C0A1DC008A9348 /* Montserrat-Regular.ttf in Resources */,
				C463AEA628C0A188008A9348 /* OpenSans-Light.ttf in Resources */,
				C4DB03A428BBB37600C3EB4E /* Product.json in Resources */,
				C4CB7CCD28B8A7D100B017EB /* Preview Assets.xcassets in Resources */,
				C463AEAE28C0A1FE008A9348 /* Montserrat-SemiBold.ttf in Resources */,
				C463AEA828C0A191008A9348 /* OpenSans-Regular.ttf in Resources */,
				C463AEAC28C0A1E6008A9348 /* Montserrat-Bold.ttf in Resources */,
				C4CB7CD928B8AC1100B017EB /* Category.json in Resources */,
				C4CB7CCA28B8A7D100B017EB /* Assets.xcassets in Resources */,
				C4CB7CE128BA0A4D00B017EB /* Shop.json in Resources */,
			);
			runOnlyForDeploymentPostprocessing = 0;
		};
/* End PBXResourcesBuildPhase section */

/* Begin PBXSourcesBuildPhase section */
		C4CB7CBE28B8A7CF00B017EB /* Sources */ = {
			isa = PBXSourcesBuildPhase;
			buildActionMask = 2147483647;
			files = (
				C421749128C0AB2A0071F1F5 /* WelcomeBackView.swift in Sources */,
				C4DB03A828BBE72A00C3EB4E /* ProdRelatedInfo.swift in Sources */,
				C46EFC6C28C0BB160063732D /* RegisterView.swift in Sources */,
				C463AEB128C0A5FB008A9348 /* ButtonAnimation.swift in Sources */,
				C4DB03A628BBE3EA00C3EB4E /* CategoryData.swift in Sources */,
				C4CB7CD728B8AA0700B017EB /* UserStruct.swift in Sources */,
				C46EFC6F28C0BBE50063732D /* Modifier.swift in Sources */,
				C4CB7CDB28B8B3ED00B017EB /* ShopProduct.swift in Sources */,
				C4FCB9FD28BB75F0000E1DAB /* ProductData.swift in Sources */,
				C463AEA328C093AD008A9348 /* WelcomeView.swift in Sources */,
				C4FCB9F728BB679F000E1DAB /* DealCalcSorted.swift in Sources */,
				C4CB7CC828B8A7CF00B017EB /* ContentView.swift in Sources */,
				C4CB7CC628B8A7CF00B017EB /* DealSearchApp.swift in Sources */,
				C4CB7CDF28B9186A00B017EB /* ShopData.swift in Sources */,
			);
			runOnlyForDeploymentPostprocessing = 0;
		};
/* End PBXSourcesBuildPhase section */

/* Begin XCBuildConfiguration section */
		C4CB7CCE28B8A7D100B017EB /* Debug */ = {
			isa = XCBuildConfiguration;
			buildSettings = {
				ALWAYS_SEARCH_USER_PATHS = NO;
				CLANG_ANALYZER_NONNULL = YES;
				CLANG_ANALYZER_NUMBER_OBJECT_CONVERSION = YES_AGGRESSIVE;
				CLANG_CXX_LANGUAGE_STANDARD = "gnu++17";
				CLANG_ENABLE_MODULES = YES;
				CLANG_ENABLE_OBJC_ARC = YES;
				CLANG_ENABLE_OBJC_WEAK = YES;
				CLANG_WARN_BLOCK_CAPTURE_AUTORELEASING = YES;
				CLANG_WARN_BOOL_CONVERSION = YES;
				CLANG_WARN_COMMA = YES;
				CLANG_WARN_CONSTANT_CONVERSION = YES;
				CLANG_WARN_DEPRECATED_OBJC_IMPLEMENTATIONS = YES;
				CLANG_WARN_DIRECT_OBJC_ISA_USAGE = YES_ERROR;
				CLANG_WARN_DOCUMENTATION_COMMENTS = YES;
				CLANG_WARN_EMPTY_BODY = YES;
				CLANG_WARN_ENUM_CONVERSION = YES;
				CLANG_WARN_INFINITE_RECURSION = YES;
				CLANG_WARN_INT_CONVERSION = YES;
				CLANG_WARN_NON_LITERAL_NULL_CONVERSION = YES;
				CLANG_WARN_OBJC_IMPLICIT_RETAIN_SELF = YES;
				CLANG_WARN_OBJC_LITERAL_CONVERSION = YES;
				CLANG_WARN_OBJC_ROOT_CLASS = YES_ERROR;
				CLANG_WARN_QUOTED_INCLUDE_IN_FRAMEWORK_HEADER = YES;
				CLANG_WARN_RANGE_LOOP_ANALYSIS = YES;
				CLANG_WARN_STRICT_PROTOTYPES = YES;
				CLANG_WARN_SUSPICIOUS_MOVE = YES;
				CLANG_WARN_UNGUARDED_AVAILABILITY = YES_AGGRESSIVE;
				CLANG_WARN_UNREACHABLE_CODE = YES;
				CLANG_WARN__DUPLICATE_METHOD_MATCH = YES;
				COPY_PHASE_STRIP = NO;
				DEBUG_INFORMATION_FORMAT = dwarf;
				ENABLE_STRICT_OBJC_MSGSEND = YES;
				ENABLE_TESTABILITY = YES;
				GCC_C_LANGUAGE_STANDARD = gnu11;
				GCC_DYNAMIC_NO_PIC = NO;
				GCC_NO_COMMON_BLOCKS = YES;
				GCC_OPTIMIZATION_LEVEL = 0;
				GCC_PREPROCESSOR_DEFINITIONS = (
					"DEBUG=1",
					"$(inherited)",
				);
				GCC_WARN_64_TO_32_BIT_CONVERSION = YES;
				GCC_WARN_ABOUT_RETURN_TYPE = YES_ERROR;
				GCC_WARN_UNDECLARED_SELECTOR = YES;
				GCC_WARN_UNINITIALIZED_AUTOS = YES_AGGRESSIVE;
				GCC_WARN_UNUSED_FUNCTION = YES;
				GCC_WARN_UNUSED_VARIABLE = YES;
				IPHONEOS_DEPLOYMENT_TARGET = 15.5;
				MTL_ENABLE_DEBUG_INFO = INCLUDE_SOURCE;
				MTL_FAST_MATH = YES;
				ONLY_ACTIVE_ARCH = YES;
				SDKROOT = iphoneos;
				SWIFT_ACTIVE_COMPILATION_CONDITIONS = DEBUG;
				SWIFT_OPTIMIZATION_LEVEL = "-Onone";
			};
			name = Debug;
		};
		C4CB7CCF28B8A7D100B017EB /* Release */ = {
			isa = XCBuildConfiguration;
			buildSettings = {
				ALWAYS_SEARCH_USER_PATHS = NO;
				CLANG_ANALYZER_NONNULL = YES;
				CLANG_ANALYZER_NUMBER_OBJECT_CONVERSION = YES_AGGRESSIVE;
				CLANG_CXX_LANGUAGE_STANDARD = "gnu++17";
				CLANG_ENABLE_MODULES = YES;
				CLANG_ENABLE_OBJC_ARC = YES;
				CLANG_ENABLE_OBJC_WEAK = YES;
				CLANG_WARN_BLOCK_CAPTURE_AUTORELEASING = YES;
				CLANG_WARN_BOOL_CONVERSION = YES;
				CLANG_WARN_COMMA = YES;
				CLANG_WARN_CONSTANT_CONVERSION = YES;
				CLANG_WARN_DEPRECATED_OBJC_IMPLEMENTATIONS = YES;
				CLANG_WARN_DIRECT_OBJC_ISA_USAGE = YES_ERROR;
				CLANG_WARN_DOCUMENTATION_COMMENTS = YES;
				CLANG_WARN_EMPTY_BODY = YES;
				CLANG_WARN_ENUM_CONVERSION = YES;
				CLANG_WARN_INFINITE_RECURSION = YES;
				CLANG_WARN_INT_CONVERSION = YES;
				CLANG_WARN_NON_LITERAL_NULL_CONVERSION = YES;
				CLANG_WARN_OBJC_IMPLICIT_RETAIN_SELF = YES;
				CLANG_WARN_OBJC_LITERAL_CONVERSION = YES;
				CLANG_WARN_OBJC_ROOT_CLASS = YES_ERROR;
				CLANG_WARN_QUOTED_INCLUDE_IN_FRAMEWORK_HEADER = YES;
				CLANG_WARN_RANGE_LOOP_ANALYSIS = YES;
				CLANG_WARN_STRICT_PROTOTYPES = YES;
				CLANG_WARN_SUSPICIOUS_MOVE = YES;
				CLANG_WARN_UNGUARDED_AVAILABILITY = YES_AGGRESSIVE;
				CLANG_WARN_UNREACHABLE_CODE = YES;
				CLANG_WARN__DUPLICATE_METHOD_MATCH = YES;
				COPY_PHASE_STRIP = NO;
				DEBUG_INFORMATION_FORMAT = "dwarf-with-dsym";
				ENABLE_NS_ASSERTIONS = NO;
				ENABLE_STRICT_OBJC_MSGSEND = YES;
				GCC_C_LANGUAGE_STANDARD = gnu11;
				GCC_NO_COMMON_BLOCKS = YES;
				GCC_WARN_64_TO_32_BIT_CONVERSION = YES;
				GCC_WARN_ABOUT_RETURN_TYPE = YES_ERROR;
				GCC_WARN_UNDECLARED_SELECTOR = YES;
				GCC_WARN_UNINITIALIZED_AUTOS = YES_AGGRESSIVE;
				GCC_WARN_UNUSED_FUNCTION = YES;
				GCC_WARN_UNUSED_VARIABLE = YES;
				IPHONEOS_DEPLOYMENT_TARGET = 15.5;
				MTL_ENABLE_DEBUG_INFO = NO;
				MTL_FAST_MATH = YES;
				SDKROOT = iphoneos;
				SWIFT_COMPILATION_MODE = wholemodule;
				SWIFT_OPTIMIZATION_LEVEL = "-O";
				VALIDATE_PRODUCT = YES;
			};
			name = Release;
		};
		C4CB7CD128B8A7D100B017EB /* Debug */ = {
			isa = XCBuildConfiguration;
			buildSettings = {
				ASSETCATALOG_COMPILER_APPICON_NAME = AppIcon;
				ASSETCATALOG_COMPILER_GLOBAL_ACCENT_COLOR_NAME = AccentColor;
				CODE_SIGN_STYLE = Automatic;
				CURRENT_PROJECT_VERSION = 1;
				DEVELOPMENT_ASSET_PATHS = "\"DealSearch/Preview Content\"";
				DEVELOPMENT_TEAM = 83GY35J32F;
				ENABLE_PREVIEWS = YES;
				GENERATE_INFOPLIST_FILE = YES;
				INFOPLIST_FILE = DealSearch/Info.plist;
				INFOPLIST_KEY_UIApplicationSceneManifest_Generation = YES;
				INFOPLIST_KEY_UIApplicationSupportsIndirectInputEvents = YES;
				INFOPLIST_KEY_UILaunchScreen_Generation = YES;
				INFOPLIST_KEY_UISupportedInterfaceOrientations_iPad = "UIInterfaceOrientationPortrait UIInterfaceOrientationPortraitUpsideDown UIInterfaceOrientationLandscapeLeft UIInterfaceOrientationLandscapeRight";
				INFOPLIST_KEY_UISupportedInterfaceOrientations_iPhone = "UIInterfaceOrientationPortrait UIInterfaceOrientationLandscapeLeft UIInterfaceOrientationLandscapeRight";
				LD_RUNPATH_SEARCH_PATHS = (
					"$(inherited)",
					"@executable_path/Frameworks",
				);
				MARKETING_VERSION = 1.0;
				PRODUCT_BUNDLE_IDENTIFIER = com.iosProg.linh.DealSearch;
				PRODUCT_NAME = "$(TARGET_NAME)";
				SWIFT_EMIT_LOC_STRINGS = YES;
				SWIFT_VERSION = 5.0;
				TARGETED_DEVICE_FAMILY = "1,2";
			};
			name = Debug;
		};
		C4CB7CD228B8A7D100B017EB /* Release */ = {
			isa = XCBuildConfiguration;
			buildSettings = {
				ASSETCATALOG_COMPILER_APPICON_NAME = AppIcon;
				ASSETCATALOG_COMPILER_GLOBAL_ACCENT_COLOR_NAME = AccentColor;
				CODE_SIGN_STYLE = Automatic;
				CURRENT_PROJECT_VERSION = 1;
				DEVELOPMENT_ASSET_PATHS = "\"DealSearch/Preview Content\"";
				DEVELOPMENT_TEAM = 83GY35J32F;
				ENABLE_PREVIEWS = YES;
				GENERATE_INFOPLIST_FILE = YES;
				INFOPLIST_FILE = DealSearch/Info.plist;
				INFOPLIST_KEY_UIApplicationSceneManifest_Generation = YES;
				INFOPLIST_KEY_UIApplicationSupportsIndirectInputEvents = YES;
				INFOPLIST_KEY_UILaunchScreen_Generation = YES;
				INFOPLIST_KEY_UISupportedInterfaceOrientations_iPad = "UIInterfaceOrientationPortrait UIInterfaceOrientationPortraitUpsideDown UIInterfaceOrientationLandscapeLeft UIInterfaceOrientationLandscapeRight";
				INFOPLIST_KEY_UISupportedInterfaceOrientations_iPhone = "UIInterfaceOrientationPortrait UIInterfaceOrientationLandscapeLeft UIInterfaceOrientationLandscapeRight";
				LD_RUNPATH_SEARCH_PATHS = (
					"$(inherited)",
					"@executable_path/Frameworks",
				);
				MARKETING_VERSION = 1.0;
				PRODUCT_BUNDLE_IDENTIFIER = com.iosProg.linh.DealSearch;
				PRODUCT_NAME = "$(TARGET_NAME)";
				SWIFT_EMIT_LOC_STRINGS = YES;
				SWIFT_VERSION = 5.0;
				TARGETED_DEVICE_FAMILY = "1,2";
			};
			name = Release;
		};
/* End XCBuildConfiguration section */

/* Begin XCConfigurationList section */
		C4CB7CBD28B8A7CF00B017EB /* Build configuration list for PBXProject "DealSearch" */ = {
			isa = XCConfigurationList;
			buildConfigurations = (
				C4CB7CCE28B8A7D100B017EB /* Debug */,
				C4CB7CCF28B8A7D100B017EB /* Release */,
			);
			defaultConfigurationIsVisible = 0;
			defaultConfigurationName = Release;
		};
		C4CB7CD028B8A7D100B017EB /* Build configuration list for PBXNativeTarget "DealSearch" */ = {
			isa = XCConfigurationList;
			buildConfigurations = (
				C4CB7CD128B8A7D100B017EB /* Debug */,
				C4CB7CD228B8A7D100B017EB /* Release */,
			);
			defaultConfigurationIsVisible = 0;
			defaultConfigurationName = Release;
		};
/* End XCConfigurationList section */
	};
	rootObject = C4CB7CBA28B8A7CF00B017EB /* Project object */;
}
